
Microsoft Visual Studio Solution File, Format Version 12.00
# Visual Studio Version 17
VisualStudioVersion = 17.5.33424.131
MinimumVisualStudioVersion = 10.0.40219.1
Project("{FAE04EC0-301F-11D3-BF4B-00C04F79EFBC}") = "TestCFT", "TestCFT\TestCFT.csproj", "{888123C7-4F70-4DA0-B495-CDED000C7151}"
EndProject
Project("{FAE04EC0-301F-11D3-BF4B-00C04F79EFBC}") = "TestCFT.DAL", "TestCFT.DAL\TestCFT.DAL.csproj", "{2C0A8A37-384D-43D4-AFB2-31CE6F37FEBC}"
EndProject
Project("{FAE04EC0-301F-11D3-BF4B-00C04F79EFBC}") = "TestCFT.BLL", "TestCFT.BLL\TestCFT.BLL.csproj", "{54A420F5-8679-4ADE-AC9C-0B5D6169CA83}"
EndProject
Global
	GlobalSection(SolutionConfigurationPlatforms) = preSolution
		Debug|Any CPU = Debug|Any CPU
		Release|Any CPU = Release|Any CPU
	EndGlobalSection
	GlobalSection(ProjectConfigurationPlatforms) = postSolution
		{888123C7-4F70-4DA0-B495-CDED000C7151}.Debug|Any CPU.ActiveCfg = Debug|Any CPU
		{888123C7-4F70-4DA0-B495-CDED000C7151}.Debug|Any CPU.Build.0 = Debug|Any CPU
		{888123C7-4F70-4DA0-B495-CDED000C7151}.Release|Any CPU.ActiveCfg = Release|Any CPU
		{888123C7-4F70-4DA0-B495-CDED000C7151}.Release|Any CPU.Build.0 = Release|Any CPU
		{2C0A8A37-384D-43D4-AFB2-31CE6F37FEBC}.Debug|Any CPU.ActiveCfg = Debug|Any CPU
		{2C0A8A37-384D-43D4-AFB2-31CE6F37FEBC}.Debug|Any CPU.Build.0 = Debug|Any CPU
		{2C0A8A37-384D-43D4-AFB2-31CE6F37FEBC}.Release|Any CPU.ActiveCfg = Release|Any CPU
		{2C0A8A37-384D-43D4-AFB2-31CE6F37FEBC}.Release|Any CPU.Build.0 = Release|Any CPU
		{54A420F5-8679-4ADE-AC9C-0B5D6169CA83}.Debug|Any CPU.ActiveCfg = Debug|Any CPU
		{54A420F5-8679-4ADE-AC9C-0B5D6169CA83}.Debug|Any CPU.Build.0 = Debug|Any CPU
		{54A420F5-8679-4ADE-AC9C-0B5D6169CA83}.Release|Any CPU.ActiveCfg = Release|Any CPU
		{54A420F5-8679-4ADE-AC9C-0B5D6169CA83}.Release|Any CPU.Build.0 = Release|Any CPU
	EndGlobalSection
	GlobalSection(SolutionProperties) = preSolution
		HideSolutionNode = FALSE
	EndGlobalSection
	GlobalSection(ExtensibilityGlobals) = postSolution
		SolutionGuid = {59D8203E-5C46-40A4-A4B7-4688EA5FF0AC}
	EndGlobalSection
EndGlobal
